{
  "name": "ubuntu-wasm-blockchain",
  "version": "1.0.0",
  "lockfileVersion": 3,
  "requires": true,
  "packages": {
    "": {
      "name": "ubuntu-wasm-blockchain",
      "version": "1.0.0",
      "license": "ISC",
      "dependencies": {
        "v86": "^0.5.262"
      }
    },
    "node_modules/v86": {
      "version": "0.5.262",
      "resolved": "https://registry.npmjs.org/v86/-/v86-0.5.262.tgz",
      "integrity": "sha512-YZsrdNtiHGSZIy0ch/NS1IxQwtUOjp2YENQRxaLi9SFr0buUEq7+OqyVpyCDrIJoTwOtVevTU7QjlmKJOUChfA==",
      "license": "BSD-2-Clause"
    }
  }
}
